
Microsoft Visual Studio Solution File, Format Version 12.00
# Visual Studio 15
VisualStudioVersion = 15.0.28307.106
MinimumVisualStudioVersion = 10.0.40219.1
Project("{FAE04EC0-301F-11D3-BF4B-00C04F79EFBC}") = "Mediator-pattern", "Mediator-pattern\Mediator-pattern.csproj", "{F5AB8D92-C25E-4786-8ADC-77F1350964DE}"
EndProject
Global
	GlobalSection(SolutionConfigurationPlatforms) = preSolution
		Debug|Any CPU = Debug|Any CPU
		Release|Any CPU = Release|Any CPU
	EndGlobalSection
	GlobalSection(ProjectConfigurationPlatforms) = postSolution
		{F5AB8D92-C25E-4786-8ADC-77F1350964DE}.Debug|Any CPU.ActiveCfg = Debug|Any CPU
		{F5AB8D92-C25E-4786-8ADC-77F1350964DE}.Debug|Any CPU.Build.0 = Debug|Any CPU
		{F5AB8D92-C25E-4786-8ADC-77F1350964DE}.Release|Any CPU.ActiveCfg = Release|Any CPU
		{F5AB8D92-C25E-4786-8ADC-77F1350964DE}.Release|Any CPU.Build.0 = Release|Any CPU
	EndGlobalSection
	GlobalSection(SolutionProperties) = preSolution
		HideSolutionNode = FALSE
	EndGlobalSection
	GlobalSection(ExtensibilityGlobals) = postSolution
		SolutionGuid = {50BF164F-7DE8-4C0C-9D3B-CA59EA925DB7}
	EndGlobalSection
EndGlobal
